
Microsoft Visual Studio Solution File, Format Version 12.00
# Visual Studio Version 17
VisualStudioVersion = 17.2.32630.192
MinimumVisualStudioVersion = 10.0.40219.1
Project("{FAE04EC0-301F-11D3-BF4B-00C04F79EFBC}") = "WinFormsApp1_TPMOD2", "WinFormsApp1_TPMOD2\WinFormsApp1_TPMOD2.csproj", "{50C807BD-B4C6-42A5-9B36-4861989B503B}"
EndProject
Global
	GlobalSection(SolutionConfigurationPlatforms) = preSolution
		Debug|Any CPU = Debug|Any CPU
		Release|Any CPU = Release|Any CPU
	EndGlobalSection
	GlobalSection(ProjectConfigurationPlatforms) = postSolution
		{50C807BD-B4C6-42A5-9B36-4861989B503B}.Debug|Any CPU.ActiveCfg = Debug|Any CPU
		{50C807BD-B4C6-42A5-9B36-4861989B503B}.Debug|Any CPU.Build.0 = Debug|Any CPU
		{50C807BD-B4C6-42A5-9B36-4861989B503B}.Release|Any CPU.ActiveCfg = Release|Any CPU
		{50C807BD-B4C6-42A5-9B36-4861989B503B}.Release|Any CPU.Build.0 = Release|Any CPU
	EndGlobalSection
	GlobalSection(SolutionProperties) = preSolution
		HideSolutionNode = FALSE
	EndGlobalSection
	GlobalSection(ExtensibilityGlobals) = postSolution
		SolutionGuid = {770E4151-4004-4692-8C4B-87661EBB89D8}
	EndGlobalSection
EndGlobal
